
Microsoft Visual Studio Solution File, Format Version 12.00
# Visual Studio Version 17
VisualStudioVersion = 17.5.33502.453
MinimumVisualStudioVersion = 10.0.40219.1
Project("{9A19103F-16F7-4668-BE54-9A1E7A4F7556}") = "Toolbox.NFC", "Toolbox.NFC\Toolbox.NFC.csproj", "{6134DEBF-A536-4299-AFBD-A24B4F1AB256}"
EndProject
Project("{9A19103F-16F7-4668-BE54-9A1E7A4F7556}") = "ConsoleApp", "ConsoleApp\ConsoleApp.csproj", "{B8AA639D-617E-4CEE-A887-ED5D17A51EAE}"
EndProject
Project("{FAE04EC0-301F-11D3-BF4B-00C04F79EFBC}") = "WinformsTest", "WinformsTest\WinformsTest.csproj", "{10BC5EB9-E677-430E-84A8-751DCB60A098}"
EndProject
Project("{FAE04EC0-301F-11D3-BF4B-00C04F79EFBC}") = "ConsoleAppFramework", "ConsoleAppFramework\ConsoleAppFramework.csproj", "{0A7C558F-18AD-4685-910B-83464139B3D8}"
EndProject
Global
	GlobalSection(SolutionConfigurationPlatforms) = preSolution
		Debug|Any CPU = Debug|Any CPU
		Release|Any CPU = Release|Any CPU
	EndGlobalSection
	GlobalSection(ProjectConfigurationPlatforms) = postSolution
		{6134DEBF-A536-4299-AFBD-A24B4F1AB256}.Debug|Any CPU.ActiveCfg = Debug|Any CPU
		{6134DEBF-A536-4299-AFBD-A24B4F1AB256}.Debug|Any CPU.Build.0 = Debug|Any CPU
		{6134DEBF-A536-4299-AFBD-A24B4F1AB256}.Release|Any CPU.ActiveCfg = Release|Any CPU
		{6134DEBF-A536-4299-AFBD-A24B4F1AB256}.Release|Any CPU.Build.0 = Release|Any CPU
		{B8AA639D-617E-4CEE-A887-ED5D17A51EAE}.Debug|Any CPU.ActiveCfg = Debug|Any CPU
		{B8AA639D-617E-4CEE-A887-ED5D17A51EAE}.Debug|Any CPU.Build.0 = Debug|Any CPU
		{B8AA639D-617E-4CEE-A887-ED5D17A51EAE}.Release|Any CPU.ActiveCfg = Release|Any CPU
		{B8AA639D-617E-4CEE-A887-ED5D17A51EAE}.Release|Any CPU.Build.0 = Release|Any CPU
		{10BC5EB9-E677-430E-84A8-751DCB60A098}.Debug|Any CPU.ActiveCfg = Debug|Any CPU
		{10BC5EB9-E677-430E-84A8-751DCB60A098}.Debug|Any CPU.Build.0 = Debug|Any CPU
		{10BC5EB9-E677-430E-84A8-751DCB60A098}.Release|Any CPU.ActiveCfg = Release|Any CPU
		{10BC5EB9-E677-430E-84A8-751DCB60A098}.Release|Any CPU.Build.0 = Release|Any CPU
		{0A7C558F-18AD-4685-910B-83464139B3D8}.Debug|Any CPU.ActiveCfg = Debug|Any CPU
		{0A7C558F-18AD-4685-910B-83464139B3D8}.Debug|Any CPU.Build.0 = Debug|Any CPU
		{0A7C558F-18AD-4685-910B-83464139B3D8}.Release|Any CPU.ActiveCfg = Release|Any CPU
		{0A7C558F-18AD-4685-910B-83464139B3D8}.Release|Any CPU.Build.0 = Release|Any CPU
	EndGlobalSection
	GlobalSection(SolutionProperties) = preSolution
		HideSolutionNode = FALSE
	EndGlobalSection
	GlobalSection(ExtensibilityGlobals) = postSolution
		SolutionGuid = {E3C867E8-EF3D-4A0C-86C0-C463B01EDF0B}
	EndGlobalSection
EndGlobal
